
Microsoft Visual Studio Solution File, Format Version 12.00
# Visual Studio Version 17
VisualStudioVersion = 17.7.34202.233
MinimumVisualStudioVersion = 10.0.40219.1
Project("{FAE04EC0-301F-11D3-BF4B-00C04F79EFBC}") = "PitagorasReworked", "PitagorasReworked.csproj", "{767D6165-D273-44D0-81BD-2E84C1E0AE17}"
EndProject
Global
	GlobalSection(SolutionConfigurationPlatforms) = preSolution
		Debug|Any CPU = Debug|Any CPU
		Release|Any CPU = Release|Any CPU
	EndGlobalSection
	GlobalSection(ProjectConfigurationPlatforms) = postSolution
		{767D6165-D273-44D0-81BD-2E84C1E0AE17}.Debug|Any CPU.ActiveCfg = Debug|Any CPU
		{767D6165-D273-44D0-81BD-2E84C1E0AE17}.Debug|Any CPU.Build.0 = Debug|Any CPU
		{767D6165-D273-44D0-81BD-2E84C1E0AE17}.Release|Any CPU.ActiveCfg = Release|Any CPU
		{767D6165-D273-44D0-81BD-2E84C1E0AE17}.Release|Any CPU.Build.0 = Release|Any CPU
	EndGlobalSection
	GlobalSection(SolutionProperties) = preSolution
		HideSolutionNode = FALSE
	EndGlobalSection
	GlobalSection(ExtensibilityGlobals) = postSolution
		SolutionGuid = {E1F2196F-0C56-450A-85BD-206996DCB6C7}
	EndGlobalSection
EndGlobal
